// !$*UTF8*$!
{
	archiveVersion = 1;
	classes = {
	};
	objectVersion = 50;
	objects = {

/* Begin PBXBuildFile section */
		0019AB12261C99E70066AEAA /* KendraStoryboard.storyboard in Resources */ = {isa = PBXBuildFile; fileRef = 0019AB11261C99E70066AEAA /* KendraStoryboard.storyboard */; };
		0019AB17261C9A260066AEAA /* PerhitunganPTKPViewController.swift in Sources */ = {isa = PBXBuildFile; fileRef = 0019AB16261C9A260066AEAA /* PerhitunganPTKPViewController.swift */; };
		0019AB1C261CA71E0066AEAA /* PerkawinanTableViewCell.swift in Sources */ = {isa = PBXBuildFile; fileRef = 0019AB1B261CA71E0066AEAA /* PerkawinanTableViewCell.swift */; };
		00D65023261F458E00A7221E /* PTKPViewController.swift in Sources */ = {isa = PBXBuildFile; fileRef = 00D65022261F458E00A7221E /* PTKPViewController.swift */; };
		55ADF59B261C5BE3004EAE18 /* AppDelegate.swift in Sources */ = {isa = PBXBuildFile; fileRef = 55ADF59A261C5BE3004EAE18 /* AppDelegate.swift */; };
		55ADF59D261C5BE3004EAE18 /* SceneDelegate.swift in Sources */ = {isa = PBXBuildFile; fileRef = 55ADF59C261C5BE3004EAE18 /* SceneDelegate.swift */; };
		55ADF59F261C5BE3004EAE18 /* ViewController.swift in Sources */ = {isa = PBXBuildFile; fileRef = 55ADF59E261C5BE3004EAE18 /* ViewController.swift */; };
		55ADF5A2261C5BE3004EAE18 /* Main.storyboard in Resources */ = {isa = PBXBuildFile; fileRef = 55ADF5A0261C5BE3004EAE18 /* Main.storyboard */; };
		55ADF5A4261C5BE8004EAE18 /* Assets.xcassets in Resources */ = {isa = PBXBuildFile; fileRef = 55ADF5A3261C5BE8004EAE18 /* Assets.xcassets */; };
		55ADF5A7261C5BE8004EAE18 /* LaunchScreen.storyboard in Resources */ = {isa = PBXBuildFile; fileRef = 55ADF5A5261C5BE8004EAE18 /* LaunchScreen.storyboard */; };
		55ADF5B2261C5BE8004EAE18 /* TaxJourneyTests.swift in Sources */ = {isa = PBXBuildFile; fileRef = 55ADF5B1261C5BE8004EAE18 /* TaxJourneyTests.swift */; };
		55ADF5BD261C5BE8004EAE18 /* TaxJourneyUITests.swift in Sources */ = {isa = PBXBuildFile; fileRef = 55ADF5BC261C5BE8004EAE18 /* TaxJourneyUITests.swift */; };
/* End PBXBuildFile section */

/* Begin PBXContainerItemProxy section */
		55ADF5AE261C5BE8004EAE18 /* PBXContainerItemProxy */ = {
			isa = PBXContainerItemProxy;
			containerPortal = 55ADF58F261C5BE3004EAE18 /* Project object */;
			proxyType = 1;
			remoteGlobalIDString = 55ADF596261C5BE3004EAE18;
			remoteInfo = TaxJourney;
		};
		55ADF5B9261C5BE8004EAE18 /* PBXContainerItemProxy */ = {
			isa = PBXContainerItemProxy;
			containerPortal = 55ADF58F261C5BE3004EAE18 /* Project object */;
			proxyType = 1;
			remoteGlobalIDString = 55ADF596261C5BE3004EAE18;
			remoteInfo = TaxJourney;
		};
/* End PBXContainerItemProxy section */

/* Begin PBXFileReference section */
		0019AB11261C99E70066AEAA /* KendraStoryboard.storyboard */ = {isa = PBXFileReference; lastKnownFileType = file.storyboard; path = KendraStoryboard.storyboard; sourceTree = "<group>"; };
		0019AB16261C9A260066AEAA /* PerhitunganPTKPViewController.swift */ = {isa = PBXFileReference; lastKnownFileType = sourcecode.swift; path = PerhitunganPTKPViewController.swift; sourceTree = "<group>"; };
		0019AB1B261CA71E0066AEAA /* PerkawinanTableViewCell.swift */ = {isa = PBXFileReference; lastKnownFileType = sourcecode.swift; path = PerkawinanTableViewCell.swift; sourceTree = "<group>"; };
		00D65022261F458E00A7221E /* PTKPViewController.swift */ = {isa = PBXFileReference; lastKnownFileType = sourcecode.swift; path = PTKPViewController.swift; sourceTree = "<group>"; };
		55ADF597261C5BE3004EAE18 /* TaxJourney.app */ = {isa = PBXFileReference; explicitFileType = wrapper.application; includeInIndex = 0; path = TaxJourney.app; sourceTree = BUILT_PRODUCTS_DIR; };
		55ADF59A261C5BE3004EAE18 /* AppDelegate.swift */ = {isa = PBXFileReference; lastKnownFileType = sourcecode.swift; path = AppDelegate.swift; sourceTree = "<group>"; };
		55ADF59C261C5BE3004EAE18 /* SceneDelegate.swift */ = {isa = PBXFileReference; lastKnownFileType = sourcecode.swift; path = SceneDelegate.swift; sourceTree = "<group>"; };
		55ADF59E261C5BE3004EAE18 /* ViewController.swift */ = {isa = PBXFileReference; lastKnownFileType = sourcecode.swift; path = ViewController.swift; sourceTree = "<group>"; };
		55ADF5A1261C5BE3004EAE18 /* Base */ = {isa = PBXFileReference; lastKnownFileType = file.storyboard; name = Base; path = Base.lproj/Main.storyboard; sourceTree = "<group>"; };
		55ADF5A3261C5BE8004EAE18 /* Assets.xcassets */ = {isa = PBXFileReference; lastKnownFileType = folder.assetcatalog; path = Assets.xcassets; sourceTree = "<group>"; };
		55ADF5A6261C5BE8004EAE18 /* Base */ = {isa = PBXFileReference; lastKnownFileType = file.storyboard; name = Base; path = Base.lproj/LaunchScreen.storyboard; sourceTree = "<group>"; };
		55ADF5A8261C5BE8004EAE18 /* Info.plist */ = {isa = PBXFileReference; lastKnownFileType = text.plist.xml; path = Info.plist; sourceTree = "<group>"; };
		55ADF5AD261C5BE8004EAE18 /* TaxJourneyTests.xctest */ = {isa = PBXFileReference; explicitFileType = wrapper.cfbundle; includeInIndex = 0; path = TaxJourneyTests.xctest; sourceTree = BUILT_PRODUCTS_DIR; };
		55ADF5B1261C5BE8004EAE18 /* TaxJourneyTests.swift */ = {isa = PBXFileReference; lastKnownFileType = sourcecode.swift; path = TaxJourneyTests.swift; sourceTree = "<group>"; };
		55ADF5B3261C5BE8004EAE18 /* Info.plist */ = {isa = PBXFileReference; lastKnownFileType = text.plist.xml; path = Info.plist; sourceTree = "<group>"; };
		55ADF5B8261C5BE8004EAE18 /* TaxJourneyUITests.xctest */ = {isa = PBXFileReference; explicitFileType = wrapper.cfbundle; includeInIndex = 0; path = TaxJourneyUITests.xctest; sourceTree = BUILT_PRODUCTS_DIR; };
		55ADF5BC261C5BE8004EAE18 /* TaxJourneyUITests.swift */ = {isa = PBXFileReference; lastKnownFileType = sourcecode.swift; path = TaxJourneyUITests.swift; sourceTree = "<group>"; };
		55ADF5BE261C5BE8004EAE18 /* Info.plist */ = {isa = PBXFileReference; lastKnownFileType = text.plist.xml; path = Info.plist; sourceTree = "<group>"; };
/* End PBXFileReference section */

/* Begin PBXFrameworksBuildPhase section */
		55ADF594261C5BE3004EAE18 /* Frameworks */ = {
			isa = PBXFrameworksBuildPhase;
			buildActionMask = 2147483647;
			files = (
			);
			runOnlyForDeploymentPostprocessing = 0;
		};
		55ADF5AA261C5BE8004EAE18 /* Frameworks */ = {
			isa = PBXFrameworksBuildPhase;
			buildActionMask = 2147483647;
			files = (
			);
			runOnlyForDeploymentPostprocessing = 0;
		};
		55ADF5B5261C5BE8004EAE18 /* Frameworks */ = {
			isa = PBXFrameworksBuildPhase;
			buildActionMask = 2147483647;
			files = (
			);
			runOnlyForDeploymentPostprocessing = 0;
		};
/* End PBXFrameworksBuildPhase section */

/* Begin PBXGroup section */
		55ADF58E261C5BE3004EAE18 = {
			isa = PBXGroup;
			children = (
				55ADF599261C5BE3004EAE18 /* TaxJourney */,
				55ADF5B0261C5BE8004EAE18 /* TaxJourneyTests */,
				55ADF5BB261C5BE8004EAE18 /* TaxJourneyUITests */,
				55ADF598261C5BE3004EAE18 /* Products */,
			);
			sourceTree = "<group>";
		};
		55ADF598261C5BE3004EAE18 /* Products */ = {
			isa = PBXGroup;
			children = (
				55ADF597261C5BE3004EAE18 /* TaxJourney.app */,
				55ADF5AD261C5BE8004EAE18 /* TaxJourneyTests.xctest */,
				55ADF5B8261C5BE8004EAE18 /* TaxJourneyUITests.xctest */,
			);
			name = Products;
			sourceTree = "<group>";
		};
		55ADF599261C5BE3004EAE18 /* TaxJourney */ = {
			isa = PBXGroup;
			children = (
				55ADF59A261C5BE3004EAE18 /* AppDelegate.swift */,
				55ADF59C261C5BE3004EAE18 /* SceneDelegate.swift */,
				55ADF59E261C5BE3004EAE18 /* ViewController.swift */,
				55ADF5A0261C5BE3004EAE18 /* Main.storyboard */,
				55ADF5A3261C5BE8004EAE18 /* Assets.xcassets */,
				55ADF5A5261C5BE8004EAE18 /* LaunchScreen.storyboard */,
				55ADF5A8261C5BE8004EAE18 /* Info.plist */,
				0019AB11261C99E70066AEAA /* KendraStoryboard.storyboard */,
				0019AB16261C9A260066AEAA /* PerhitunganPTKPViewController.swift */,
				0019AB1B261CA71E0066AEAA /* PerkawinanTableViewCell.swift */,
				00D65022261F458E00A7221E /* PTKPViewController.swift */,
			);
			path = TaxJourney;
			sourceTree = "<group>";
		};
		55ADF5B0261C5BE8004EAE18 /* TaxJourneyTests */ = {
			isa = PBXGroup;
			children = (
				55ADF5B1261C5BE8004EAE18 /* TaxJourneyTests.swift */,
				55ADF5B3261C5BE8004EAE18 /* Info.plist */,
			);
			path = TaxJourneyTests;
			sourceTree = "<group>";
		};
		55ADF5BB261C5BE8004EAE18 /* TaxJourneyUITests */ = {
			isa = PBXGroup;
			children = (
				55ADF5BC261C5BE8004EAE18 /* TaxJourneyUITests.swift */,
				55ADF5BE261C5BE8004EAE18 /* Info.plist */,
			);
			path = TaxJourneyUITests;
			sourceTree = "<group>";
		};
/* End PBXGroup section */

/* Begin PBXNativeTarget section */
		55ADF596261C5BE3004EAE18 /* TaxJourney */ = {
			isa = PBXNativeTarget;
			buildConfigurationList = 55ADF5C1261C5BE8004EAE18 /* Build configuration list for PBXNativeTarget "TaxJourney" */;
			buildPhases = (
				55ADF593261C5BE3004EAE18 /* Sources */,
				55ADF594261C5BE3004EAE18 /* Frameworks */,
				55ADF595261C5BE3004EAE18 /* Resources */,
			);
			buildRules = (
			);
			dependencies = (
			);
			name = TaxJourney;
			productName = TaxJourney;
			productReference = 55ADF597261C5BE3004EAE18 /* TaxJourney.app */;
			productType = "com.apple.product-type.application";
		};
		55ADF5AC261C5BE8004EAE18 /* TaxJourneyTests */ = {
			isa = PBXNativeTarget;
			buildConfigurationList = 55ADF5C4261C5BE8004EAE18 /* Build configuration list for PBXNativeTarget "TaxJourneyTests" */;
			buildPhases = (
				55ADF5A9261C5BE8004EAE18 /* Sources */,
				55ADF5AA261C5BE8004EAE18 /* Frameworks */,
				55ADF5AB261C5BE8004EAE18 /* Resources */,
			);
			buildRules = (
			);
			dependencies = (
				55ADF5AF261C5BE8004EAE18 /* PBXTargetDependency */,
			);
			name = TaxJourneyTests;
			productName = TaxJourneyTests;
			productReference = 55ADF5AD261C5BE8004EAE18 /* TaxJourneyTests.xctest */;
			productType = "com.apple.product-type.bundle.unit-test";
		};
		55ADF5B7261C5BE8004EAE18 /* TaxJourneyUITests */ = {
			isa = PBXNativeTarget;
			buildConfigurationList = 55ADF5C7261C5BE8004EAE18 /* Build configuration list for PBXNativeTarget "TaxJourneyUITests" */;
			buildPhases = (
				55ADF5B4261C5BE8004EAE18 /* Sources */,
				55ADF5B5261C5BE8004EAE18 /* Frameworks */,
				55ADF5B6261C5BE8004EAE18 /* Resources */,
			);
			buildRules = (
			);
			dependencies = (
				55ADF5BA261C5BE8004EAE18 /* PBXTargetDependency */,
			);
			name = TaxJourneyUITests;
			productName = TaxJourneyUITests;
			productReference = 55ADF5B8261C5BE8004EAE18 /* TaxJourneyUITests.xctest */;
			productType = "com.apple.product-type.bundle.ui-testing";
		};
/* End PBXNativeTarget section */

/* Begin PBXProject section */
		55ADF58F261C5BE3004EAE18 /* Project object */ = {
			isa = PBXProject;
			attributes = {
				LastSwiftUpdateCheck = 1240;
				LastUpgradeCheck = 1240;
				TargetAttributes = {
					55ADF596261C5BE3004EAE18 = {
						CreatedOnToolsVersion = 12.4;
					};
					55ADF5AC261C5BE8004EAE18 = {
						CreatedOnToolsVersion = 12.4;
						TestTargetID = 55ADF596261C5BE3004EAE18;
					};
					55ADF5B7261C5BE8004EAE18 = {
						CreatedOnToolsVersion = 12.4;
						TestTargetID = 55ADF596261C5BE3004EAE18;
					};
				};
			};
			buildConfigurationList = 55ADF592261C5BE3004EAE18 /* Build configuration list for PBXProject "TaxJourney" */;
			compatibilityVersion = "Xcode 9.3";
			developmentRegion = en;
			hasScannedForEncodings = 0;
			knownRegions = (
				en,
				Base,
			);
			mainGroup = 55ADF58E261C5BE3004EAE18;
			productRefGroup = 55ADF598261C5BE3004EAE18 /* Products */;
			projectDirPath = "";
			projectRoot = "";
			targets = (
				55ADF596261C5BE3004EAE18 /* TaxJourney */,
				55ADF5AC261C5BE8004EAE18 /* TaxJourneyTests */,
				55ADF5B7261C5BE8004EAE18 /* TaxJourneyUITests */,
			);
		};
/* End PBXProject section */

/* Begin PBXResourcesBuildPhase section */
		55ADF595261C5BE3004EAE18 /* Resources */ = {
			isa = PBXResourcesBuildPhase;
			buildActionMask = 2147483647;
			files = (
				0019AB12261C99E70066AEAA /* KendraStoryboard.storyboard in Resources */,
				55ADF5A7261C5BE8004EAE18 /* LaunchScreen.storyboard in Resources */,
				55ADF5A4261C5BE8004EAE18 /* Assets.xcassets in Resources */,
				55ADF5A2261C5BE3004EAE18 /* Main.storyboard in Resources */,
			);
			runOnlyForDeploymentPostprocessing = 0;
		};
		55ADF5AB261C5BE8004EAE18 /* Resources */ = {
			isa = PBXResourcesBuildPhase;
			buildActionMask = 2147483647;
			files = (
			);
			runOnlyForDeploymentPostprocessing = 0;
		};
		55ADF5B6261C5BE8004EAE18 /* Resources */ = {
			isa = PBXResourcesBuildPhase;
			buildActionMask = 2147483647;
			files = (
			);
			runOnlyForDeploymentPostprocessing = 0;
		};
/* End PBXResourcesBuildPhase section */

/* Begin PBXSourcesBuildPhase section */
		55ADF593261C5BE3004EAE18 /* Sources */ = {
			isa = PBXSourcesBuildPhase;
			buildActionMask = 2147483647;
			files = (
				0019AB1C261CA71E0066AEAA /* PerkawinanTableViewCell.swift in Sources */,
				00D65023261F458E00A7221E /* PTKPViewController.swift in Sources */,
				55ADF59F261C5BE3004EAE18 /* ViewController.swift in Sources */,
				0019AB17261C9A260066AEAA /* PerhitunganPTKPViewController.swift in Sources */,
				55ADF59B261C5BE3004EAE18 /* AppDelegate.swift in Sources */,
				55ADF59D261C5BE3004EAE18 /* SceneDelegate.swift in Sources */,
			);
			runOnlyForDeploymentPostprocessing = 0;
		};
		55ADF5A9261C5BE8004EAE18 /* Sources */ = {
			isa = PBXSourcesBuildPhase;
			buildActionMask = 2147483647;
			files = (
				55ADF5B2261C5BE8004EAE18 /* TaxJourneyTests.swift in Sources */,
			);
			runOnlyForDeploymentPostprocessing = 0;
		};
		55ADF5B4261C5BE8004EAE18 /* Sources */ = {
			isa = PBXSourcesBuildPhase;
			buildActionMask = 2147483647;
			files = (
				55ADF5BD261C5BE8004EAE18 /* TaxJourneyUITests.swift in Sources */,
			);
			runOnlyForDeploymentPostprocessing = 0;
		};
/* End PBXSourcesBuildPhase section */

/* Begin PBXTargetDependency section */
		55ADF5AF261C5BE8004EAE18 /* PBXTargetDependency */ = {
			isa = PBXTargetDependency;
			target = 55ADF596261C5BE3004EAE18 /* TaxJourney */;
			targetProxy = 55ADF5AE261C5BE8004EAE18 /* PBXContainerItemProxy */;
		};
		55ADF5BA261C5BE8004EAE18 /* PBXTargetDependency */ = {
			isa = PBXTargetDependency;
			target = 55ADF596261C5BE3004EAE18 /* TaxJourney */;
			targetProxy = 55ADF5B9261C5BE8004EAE18 /* PBXContainerItemProxy */;
		};
/* End PBXTargetDependency section */

/* Begin PBXVariantGroup section */
		55ADF5A0261C5BE3004EAE18 /* Main.storyboard */ = {
			isa = PBXVariantGroup;
			children = (
				55ADF5A1261C5BE3004EAE18 /* Base */,
			);
			name = Main.storyboard;
			sourceTree = "<group>";
		};
		55ADF5A5261C5BE8004EAE18 /* LaunchScreen.storyboard */ = {
			isa = PBXVariantGroup;
			children = (
				55ADF5A6261C5BE8004EAE18 /* Base */,
			);
			name = LaunchScreen.storyboard;
			sourceTree = "<group>";
		};
/* End PBXVariantGroup section */

/* Begin XCBuildConfiguration section */
		55ADF5BF261C5BE8004EAE18 /* Debug */ = {
			isa = XCBuildConfiguration;
			buildSettings = {
				ALWAYS_SEARCH_USER_PATHS = NO;
				CLANG_ANALYZER_NONNULL = YES;
				CLANG_ANALYZER_NUMBER_OBJECT_CONVERSION = YES_AGGRESSIVE;
				CLANG_CXX_LANGUAGE_STANDARD = "gnu++14";
				CLANG_CXX_LIBRARY = "libc++";
				CLANG_ENABLE_MODULES = YES;
				CLANG_ENABLE_OBJC_ARC = YES;
				CLANG_ENABLE_OBJC_WEAK = YES;
				CLANG_WARN_BLOCK_CAPTURE_AUTORELEASING = YES;
				CLANG_WARN_BOOL_CONVERSION = YES;
				CLANG_WARN_COMMA = YES;
				CLANG_WARN_CONSTANT_CONVERSION = YES;
				CLANG_WARN_DEPRECATED_OBJC_IMPLEMENTATIONS = YES;
				CLANG_WARN_DIRECT_OBJC_ISA_USAGE = YES_ERROR;
				CLANG_WARN_DOCUMENTATION_COMMENTS = YES;
				CLANG_WARN_EMPTY_BODY = YES;
				CLANG_WARN_ENUM_CONVERSION = YES;
				CLANG_WARN_INFINITE_RECURSION = YES;
				CLANG_WARN_INT_CONVERSION = YES;
				CLANG_WARN_NON_LITERAL_NULL_CONVERSION = YES;
				CLANG_WARN_OBJC_IMPLICIT_RETAIN_SELF = YES;
				CLANG_WARN_OBJC_LITERAL_CONVERSION = YES;
				CLANG_WARN_OBJC_ROOT_CLASS = YES_ERROR;
				CLANG_WARN_QUOTED_INCLUDE_IN_FRAMEWORK_HEADER = YES;
				CLANG_WARN_RANGE_LOOP_ANALYSIS = YES;
				CLANG_WARN_STRICT_PROTOTYPES = YES;
				CLANG_WARN_SUSPICIOUS_MOVE = YES;
				CLANG_WARN_UNGUARDED_AVAILABILITY = YES_AGGRESSIVE;
				CLANG_WARN_UNREACHABLE_CODE = YES;
				CLANG_WARN__DUPLICATE_METHOD_MATCH = YES;
				COPY_PHASE_STRIP = NO;
				DEBUG_INFORMATION_FORMAT = dwarf;
				ENABLE_STRICT_OBJC_MSGSEND = YES;
				ENABLE_TESTABILITY = YES;
				GCC_C_LANGUAGE_STANDARD = gnu11;
				GCC_DYNAMIC_NO_PIC = NO;
				GCC_NO_COMMON_BLOCKS = YES;
				GCC_OPTIMIZATION_LEVEL = 0;
				GCC_PREPROCESSOR_DEFINITIONS = (
					"DEBUG=1",
					"$(inherited)",
				);
				GCC_WARN_64_TO_32_BIT_CONVERSION = YES;
				GCC_WARN_ABOUT_RETURN_TYPE = YES_ERROR;
				GCC_WARN_UNDECLARED_SELECTOR = YES;
				GCC_WARN_UNINITIALIZED_AUTOS = YES_AGGRESSIVE;
				GCC_WARN_UNUSED_FUNCTION = YES;
				GCC_WARN_UNUSED_VARIABLE = YES;
				IPHONEOS_DEPLOYMENT_TARGET = 14.4;
				MTL_ENABLE_DEBUG_INFO = INCLUDE_SOURCE;
				MTL_FAST_MATH = YES;
				ONLY_ACTIVE_ARCH = YES;
				SDKROOT = iphoneos;
				SWIFT_ACTIVE_COMPILATION_CONDITIONS = DEBUG;
				SWIFT_OPTIMIZATION_LEVEL = "-Onone";
			};
			name = Debug;
		};
		55ADF5C0261C5BE8004EAE18 /* Release */ = {
			isa = XCBuildConfiguration;
			buildSettings = {
				ALWAYS_SEARCH_USER_PATHS = NO;
				CLANG_ANALYZER_NONNULL = YES;
				CLANG_ANALYZER_NUMBER_OBJECT_CONVERSION = YES_AGGRESSIVE;
				CLANG_CXX_LANGUAGE_STANDARD = "gnu++14";
				CLANG_CXX_LIBRARY = "libc++";
				CLANG_ENABLE_MODULES = YES;
				CLANG_ENABLE_OBJC_ARC = YES;
				CLANG_ENABLE_OBJC_WEAK = YES;
				CLANG_WARN_BLOCK_CAPTURE_AUTORELEASING = YES;
				CLANG_WARN_BOOL_CONVERSION = YES;
				CLANG_WARN_COMMA = YES;
				CLANG_WARN_CONSTANT_CONVERSION = YES;
				CLANG_WARN_DEPRECATED_OBJC_IMPLEMENTATIONS = YES;
				CLANG_WARN_DIRECT_OBJC_ISA_USAGE = YES_ERROR;
				CLANG_WARN_DOCUMENTATION_COMMENTS = YES;
				CLANG_WARN_EMPTY_BODY = YES;
				CLANG_WARN_ENUM_CONVERSION = YES;
				CLANG_WARN_INFINITE_RECURSION = YES;
				CLANG_WARN_INT_CONVERSION = YES;
				CLANG_WARN_NON_LITERAL_NULL_CONVERSION = YES;
				CLANG_WARN_OBJC_IMPLICIT_RETAIN_SELF = YES;
				CLANG_WARN_OBJC_LITERAL_CONVERSION = YES;
				CLANG_WARN_OBJC_ROOT_CLASS = YES_ERROR;
				CLANG_WARN_QUOTED_INCLUDE_IN_FRAMEWORK_HEADER = YES;
				CLANG_WARN_RANGE_LOOP_ANALYSIS = YES;
				CLANG_WARN_STRICT_PROTOTYPES = YES;
				CLANG_WARN_SUSPICIOUS_MOVE = YES;
				CLANG_WARN_UNGUARDED_AVAILABILITY = YES_AGGRESSIVE;
				CLANG_WARN_UNREACHABLE_CODE = YES;
				CLANG_WARN__DUPLICATE_METHOD_MATCH = YES;
				COPY_PHASE_STRIP = NO;
				DEBUG_INFORMATION_FORMAT = "dwarf-with-dsym";
				ENABLE_NS_ASSERTIONS = NO;
				ENABLE_STRICT_OBJC_MSGSEND = YES;
				GCC_C_LANGUAGE_STANDARD = gnu11;
				GCC_NO_COMMON_BLOCKS = YES;
				GCC_WARN_64_TO_32_BIT_CONVERSION = YES;
				GCC_WARN_ABOUT_RETURN_TYPE = YES_ERROR;
				GCC_WARN_UNDECLARED_SELECTOR = YES;
				GCC_WARN_UNINITIALIZED_AUTOS = YES_AGGRESSIVE;
				GCC_WARN_UNUSED_FUNCTION = YES;
				GCC_WARN_UNUSED_VARIABLE = YES;
				IPHONEOS_DEPLOYMENT_TARGET = 14.4;
				MTL_ENABLE_DEBUG_INFO = NO;
				MTL_FAST_MATH = YES;
				SDKROOT = iphoneos;
				SWIFT_COMPILATION_MODE = wholemodule;
				SWIFT_OPTIMIZATION_LEVEL = "-O";
				VALIDATE_PRODUCT = YES;
			};
			name = Release;
		};
		55ADF5C2261C5BE8004EAE18 /* Debug */ = {
			isa = XCBuildConfiguration;
			buildSettings = {
				ASSETCATALOG_COMPILER_APPICON_NAME = AppIcon;
				ASSETCATALOG_COMPILER_GLOBAL_ACCENT_COLOR_NAME = AccentColor;
				CODE_SIGN_STYLE = Automatic;
				DEVELOPMENT_TEAM = ND4DZWJCVY;
				INFOPLIST_FILE = TaxJourney/Info.plist;
				LD_RUNPATH_SEARCH_PATHS = (
					"$(inherited)",
					"@executable_path/Frameworks",
				);
				PRODUCT_BUNDLE_IDENTIFIER = AppleAcademy.TaxJourney;
				PRODUCT_NAME = "$(TARGET_NAME)";
				SWIFT_VERSION = 5.0;
				TARGETED_DEVICE_FAMILY = "1,2";
			};
			name = Debug;
		};
		55ADF5C3261C5BE8004EAE18 /* Release */ = {
			isa = XCBuildConfiguration;
			buildSettings = {
				ASSETCATALOG_COMPILER_APPICON_NAME = AppIcon;
				ASSETCATALOG_COMPILER_GLOBAL_ACCENT_COLOR_NAME = AccentColor;
				CODE_SIGN_STYLE = Automatic;
				DEVELOPMENT_TEAM = ND4DZWJCVY;
				INFOPLIST_FILE = TaxJourney/Info.plist;
				LD_RUNPATH_SEARCH_PATHS = (
					"$(inherited)",
					"@executable_path/Frameworks",
				);
				PRODUCT_BUNDLE_IDENTIFIER = AppleAcademy.TaxJourney;
				PRODUCT_NAME = "$(TARGET_NAME)";
				SWIFT_VERSION = 5.0;
				TARGETED_DEVICE_FAMILY = "1,2";
			};
			name = Release;
		};
		55ADF5C5261C5BE8004EAE18 /* Debug */ = {
			isa = XCBuildConfiguration;
			buildSettings = {
				ALWAYS_EMBED_SWIFT_STANDARD_LIBRARIES = YES;
				BUNDLE_LOADER = "$(TEST_HOST)";
				CODE_SIGN_STYLE = Automatic;
				DEVELOPMENT_TEAM = ND4DZWJCVY;
				INFOPLIST_FILE = TaxJourneyTests/Info.plist;
				IPHONEOS_DEPLOYMENT_TARGET = 14.4;
				LD_RUNPATH_SEARCH_PATHS = (
					"$(inherited)",
					"@executable_path/Frameworks",
					"@loader_path/Frameworks",
				);
				PRODUCT_BUNDLE_IDENTIFIER = AppleAcademy.TaxJourneyTests;
				PRODUCT_NAME = "$(TARGET_NAME)";
				SWIFT_VERSION = 5.0;
				TARGETED_DEVICE_FAMILY = "1,2";
				TEST_HOST = "$(BUILT_PRODUCTS_DIR)/TaxJourney.app/TaxJourney";
			};
			name = Debug;
		};
		55ADF5C6261C5BE8004EAE18 /* Release */ = {
			isa = XCBuildConfiguration;
			buildSettings = {
				ALWAYS_EMBED_SWIFT_STANDARD_LIBRARIES = YES;
				BUNDLE_LOADER = "$(TEST_HOST)";
				CODE_SIGN_STYLE = Automatic;
				DEVELOPMENT_TEAM = ND4DZWJCVY;
				INFOPLIST_FILE = TaxJourneyTests/Info.plist;
				IPHONEOS_DEPLOYMENT_TARGET = 14.4;
				LD_RUNPATH_SEARCH_PATHS = (
					"$(inherited)",
					"@executable_path/Frameworks",
					"@loader_path/Frameworks",
				);
				PRODUCT_BUNDLE_IDENTIFIER = AppleAcademy.TaxJourneyTests;
				PRODUCT_NAME = "$(TARGET_NAME)";
				SWIFT_VERSION = 5.0;
				TARGETED_DEVICE_FAMILY = "1,2";
				TEST_HOST = "$(BUILT_PRODUCTS_DIR)/TaxJourney.app/TaxJourney";
			};
			name = Release;
		};
		55ADF5C8261C5BE8004EAE18 /* Debug */ = {
			isa = XCBuildConfiguration;
			buildSettings = {
				ALWAYS_EMBED_SWIFT_STANDARD_LIBRARIES = YES;
				CODE_SIGN_STYLE = Automatic;
				DEVELOPMENT_TEAM = ND4DZWJCVY;
				INFOPLIST_FILE = TaxJourneyUITests/Info.plist;
				LD_RUNPATH_SEARCH_PATHS = (
					"$(inherited)",
					"@executable_path/Frameworks",
					"@loader_path/Frameworks",
				);
				PRODUCT_BUNDLE_IDENTIFIER = AppleAcademy.TaxJourneyUITests;
				PRODUCT_NAME = "$(TARGET_NAME)";
				SWIFT_VERSION = 5.0;
				TARGETED_DEVICE_FAMILY = "1,2";
				TEST_TARGET_NAME = TaxJourney;
			};
			name = Debug;
		};
		55ADF5C9261C5BE8004EAE18 /* Release */ = {
			isa = XCBuildConfiguration;
			buildSettings = {
				ALWAYS_EMBED_SWIFT_STANDARD_LIBRARIES = YES;
				CODE_SIGN_STYLE = Automatic;
				DEVELOPMENT_TEAM = ND4DZWJCVY;
				INFOPLIST_FILE = TaxJourneyUITests/Info.plist;
				LD_RUNPATH_SEARCH_PATHS = (
					"$(inherited)",
					"@executable_path/Frameworks",
					"@loader_path/Frameworks",
				);
				PRODUCT_BUNDLE_IDENTIFIER = AppleAcademy.TaxJourneyUITests;
				PRODUCT_NAME = "$(TARGET_NAME)";
				SWIFT_VERSION = 5.0;
				TARGETED_DEVICE_FAMILY = "1,2";
				TEST_TARGET_NAME = TaxJourney;
			};
			name = Release;
		};
/* End XCBuildConfiguration section */

/* Begin XCConfigurationList section */
		55ADF592261C5BE3004EAE18 /* Build configuration list for PBXProject "TaxJourney" */ = {
			isa = XCConfigurationList;
			buildConfigurations = (
				55ADF5BF261C5BE8004EAE18 /* Debug */,
				55ADF5C0261C5BE8004EAE18 /* Release */,
			);
			defaultConfigurationIsVisible = 0;
			defaultConfigurationName = Release;
		};
		55ADF5C1261C5BE8004EAE18 /* Build configuration list for PBXNativeTarget "TaxJourney" */ = {
			isa = XCConfigurationList;
			buildConfigurations = (
				55ADF5C2261C5BE8004EAE18 /* Debug */,
				55ADF5C3261C5BE8004EAE18 /* Release */,
			);
			defaultConfigurationIsVisible = 0;
			defaultConfigurationName = Release;
		};
		55ADF5C4261C5BE8004EAE18 /* Build configuration list for PBXNativeTarget "TaxJourneyTests" */ = {
			isa = XCConfigurationList;
			buildConfigurations = (
				55ADF5C5261C5BE8004EAE18 /* Debug */,
				55ADF5C6261C5BE8004EAE18 /* Release */,
			);
			defaultConfigurationIsVisible = 0;
			defaultConfigurationName = Release;
		};
		55ADF5C7261C5BE8004EAE18 /* Build configuration list for PBXNativeTarget "TaxJourneyUITests" */ = {
			isa = XCConfigurationList;
			buildConfigurations = (
				55ADF5C8261C5BE8004EAE18 /* Debug */,
				55ADF5C9261C5BE8004EAE18 /* Release */,
			);
			defaultConfigurationIsVisible = 0;
			defaultConfigurationName = Release;
		};
/* End XCConfigurationList section */
	};
	rootObject = 55ADF58F261C5BE3004EAE18 /* Project object */;
}
